
Microsoft Visual Studio Solution File, Format Version 12.00
# Visual Studio 15
VisualStudioVersion = 15.0.28307.168
MinimumVisualStudioVersion = 10.0.40219.1
Project("{FAE04EC0-301F-11D3-BF4B-00C04F79EFBC}") = "DevIncGraph", "DevIncGraph\DevIncGraph.csproj", "{D09CD8C8-9E3A-4693-B089-3A5F20678852}"
EndProject
Global
	GlobalSection(SolutionConfigurationPlatforms) = preSolution
		Debug|Any CPU = Debug|Any CPU
		Release|Any CPU = Release|Any CPU
	EndGlobalSection
	GlobalSection(ProjectConfigurationPlatforms) = postSolution
		{D09CD8C8-9E3A-4693-B089-3A5F20678852}.Debug|Any CPU.ActiveCfg = Debug|Any CPU
		{D09CD8C8-9E3A-4693-B089-3A5F20678852}.Debug|Any CPU.Build.0 = Debug|Any CPU
		{D09CD8C8-9E3A-4693-B089-3A5F20678852}.Release|Any CPU.ActiveCfg = Release|Any CPU
		{D09CD8C8-9E3A-4693-B089-3A5F20678852}.Release|Any CPU.Build.0 = Release|Any CPU
	EndGlobalSection
	GlobalSection(SolutionProperties) = preSolution
		HideSolutionNode = FALSE
	EndGlobalSection
	GlobalSection(ExtensibilityGlobals) = postSolution
		SolutionGuid = {66F0FFD9-A11D-4C7C-9EEE-AD709CD538E5}
	EndGlobalSection
EndGlobal
